{
  "version": 4,
  "terraform_version": "1.5.3",
  "serial": 1,
  "lineage": "e22545d7-5b19-5c1f-d15e-8f523008c3aa",
  "outputs": {},
  "resources": [
    {
      "module": "module.vpc",
      "mode": "managed",
      "type": "aws_vpc",
      "name": "vpc",
      "provider": "provider[\"registry.terraform.io/hashicorp/aws\"]",
      "instances": [
        {
          "schema_version": 1,
          "attributes": {
            "arn": "arn:aws:ec2:eu-west-2:108178884830:vpc/vpc-0f8b42015e960b4c1",
            "assign_generated_ipv6_cidr_block": false,
            "cidr_block": "10.0.0.0/16",
            "default_network_acl_id": "acl-09d024470caa951ee",
            "default_route_table_id": "rtb-0fc63e4d111faf620",
            "default_security_group_id": "sg-0303f9688387cf15e",
            "dhcp_options_id": "dopt-03e92bce2ff9c967f",
            "enable_dns_hostnames": false,
            "enable_dns_support": true,
            "enable_network_address_usage_metrics": false,
            "id": "vpc-0f8b42015e960b4c1",
            "instance_tenancy": "default",
            "ipv4_ipam_pool_id": null,
            "ipv4_netmask_length": null,
            "ipv6_association_id": "",
            "ipv6_cidr_block": "",
            "ipv6_cidr_block_network_border_group": "",
            "ipv6_ipam_pool_id": "",
            "ipv6_netmask_length": 0,
            "main_route_table_id": "rtb-0fc63e4d111faf620",
            "owner_id": "108178884830",
            "tags": {
              "Name": "auto-winner-vpc"
            },
            "tags_all": {
              "Name": "auto-winner-vpc"
            }
          },
          "sensitive_attributes": [],
          "private": "eyJzY2hlbWFfdmVyc2lvbiI6IjEifQ=="
        }
      ]
    }
  ],
  "check_results": null
}
